<?xml version="1.0" encoding="utf-8"?>
<Project ToolsVersion="4.0" xmlns="http://schemas.microsoft.com/developer/msbuild/2003">
  <ItemGroup>
    <Filter Include="src">
      <UniqueIdentifier>{4FC737F1-C7A5-4376-A066-2A32D752A2FF}</UniqueIdentifier>
      <Extensions>cpp;c;cc;cxx;def;odl;idl;hpj;bat;asm;asmx</Extensions>
    </Filter>
    <Filter Include="Array">
      <UniqueIdentifier>{080a4f6c-3338-4ec9-90b2-3d9a820154e4}</UniqueIdentifier>
    </Filter>
  </ItemGroup>
  <ItemGroup>
    <ClCompile Include="7Reverse.cpp">
      <Filter>src</Filter>
    </ClCompile>
    <ClCompile Include="1Sum.cpp">
      <Filter>src</Filter>
    </ClCompile>
    <ClCompile Include="9Palindrome.cpp">
      <Filter>src</Filter>
    </ClCompile>
    <ClCompile Include="13RomanToInt.cpp">
      <Filter>src</Filter>
    </ClCompile>
    <ClCompile Include="14LongestCommonPrefix.cpp">
      <Filter>src</Filter>
    </ClCompile>
    <ClCompile Include="242Anagram.cpp">
      <Filter>src</Filter>
    </ClCompile>
    <ClCompile Include="15ThreeSum.cpp">
      <Filter>src</Filter>
    </ClCompile>
    <ClCompile Include="3lengthOfLongestSubstring.cpp">
      <Filter>src</Filter>
    </ClCompile>
    <ClCompile Include="88Merge.cpp">
      <Filter>src</Filter>
    </ClCompile>
    <ClCompile Include="temp.cpp">
      <Filter>src</Filter>
    </ClCompile>
    <ClCompile Include="26RemoveDuplicates.cpp">
      <Filter>Array</Filter>
    </ClCompile>
    <ClCompile Include="27removeElement.cpp">
      <Filter>Array</Filter>
    </ClCompile>
    <ClCompile Include="80removeDuplicatesII.cpp">
      <Filter>Array</Filter>
    </ClCompile>
    <ClCompile Include="189Rotate.cpp">
      <Filter>Array</Filter>
    </ClCompile>
    <ClCompile Include="118PascalTriangle.cpp">
      <Filter>Array</Filter>
    </ClCompile>
    <ClCompile Include="119PascalTriangleII.cpp">
      <Filter>Array</Filter>
    </ClCompile>
    <ClCompile Include="169majorityElement.cpp">
      <Filter>Array</Filter>
    </ClCompile>
    <ClCompile Include="229majorityElement.cpp">
      <Filter>Array</Filter>
    </ClCompile>
    <ClCompile Include="605canPlaceFlowers.cpp">
      <Filter>Array</Filter>
    </ClCompile>
    <ClCompile Include="217containsDuplicate.cpp">
      <Filter>Array</Filter>
    </ClCompile>
    <ClCompile Include="singleNumber.cpp">
      <Filter>Array</Filter>
    </ClCompile>
    <ClCompile Include="firstUniqChar.cpp">
      <Filter>Array</Filter>
    </ClCompile>
  </ItemGroup>
</Project>